
Microsoft Visual Studio Solution File, Format Version 12.00
# Visual Studio Version 17
VisualStudioVersion = 17.9.34723.18
MinimumVisualStudioVersion = 10.0.40219.1
Project("{9A19103F-16F7-4668-BE54-9A1E7A4F7556}") = "aDVanceERP.Desktop", "aDVanceERP.Desktop\aDVanceERP.Desktop.csproj", "{414811EF-B6AB-42DB-97FB-9B069EA9D204}"
EndProject
Project("{9A19103F-16F7-4668-BE54-9A1E7A4F7556}") = "aDVanceERP.Core", "aDVanceERP.Core\aDVanceERP.Core.csproj", "{F5BED43A-FB31-48E9-96A3-0DCDDA1C853A}"
EndProject
Project("{9A19103F-16F7-4668-BE54-9A1E7A4F7556}") = "aDVanceERP.Modulos.Inventario", "aDVanceERP.Modulos.Inventario\aDVanceERP.Modulos.Inventario.csproj", "{00E1786C-F97E-4DFA-9EE5-B21320A1597E}"
EndProject
Project("{9A19103F-16F7-4668-BE54-9A1E7A4F7556}") = "aDVanceERP.Modulos.RecursosHumanos", "aDVanceERP.Modulos.RecursosHumanos\aDVanceERP.Modulos.RecursosHumanos.csproj", "{CE0B662F-3468-4D39-AC14-5B2E872BFD57}"
EndProject
Project("{2150E333-8FDC-42A3-9474-1A3956D46DE8}") = "Solution Items", "Solution Items", "{BAC9CDB2-21D5-44E8-B561-A3323B770046}"
	ProjectSection(SolutionItems) = preProject
		.editorconfig = .editorconfig
	EndProjectSection
EndProject
Project("{9A19103F-16F7-4668-BE54-9A1E7A4F7556}") = "aDVanceERP.Modulos.Seguridad", "aDVanceERP.Modulos.Seguridad\aDVanceERP.Modulos.Seguridad.csproj", "{E7377C2E-E0D1-4FEA-818E-9AF73EF7833C}"
EndProject
Project("{9A19103F-16F7-4668-BE54-9A1E7A4F7556}") = "aDVanceERP.Core.Extension", "aDVanceERP.Core.Extension\aDVanceERP.Core.Extension.csproj", "{FBA847F8-56DC-4ED2-909B-ACA70530424A}"
EndProject
Project("{FAE04EC0-301F-11D3-BF4B-00C04F79EFBC}") = "aDVanceERP.Modulos.Venta", "aDVanceERP.Modulos.Venta\aDVanceERP.Modulos.Venta.csproj", "{21F08E1B-3395-493F-97B9-59D71F4BD478}"
EndProject
Global
	GlobalSection(SolutionConfigurationPlatforms) = preSolution
		Debug|Any CPU = Debug|Any CPU
		Release|Any CPU = Release|Any CPU
	EndGlobalSection
	GlobalSection(ProjectConfigurationPlatforms) = postSolution
		{414811EF-B6AB-42DB-97FB-9B069EA9D204}.Debug|Any CPU.ActiveCfg = Debug|Any CPU
		{414811EF-B6AB-42DB-97FB-9B069EA9D204}.Debug|Any CPU.Build.0 = Debug|Any CPU
		{414811EF-B6AB-42DB-97FB-9B069EA9D204}.Release|Any CPU.ActiveCfg = Release|Any CPU
		{414811EF-B6AB-42DB-97FB-9B069EA9D204}.Release|Any CPU.Build.0 = Release|Any CPU
		{F5BED43A-FB31-48E9-96A3-0DCDDA1C853A}.Debug|Any CPU.ActiveCfg = Debug|Any CPU
		{F5BED43A-FB31-48E9-96A3-0DCDDA1C853A}.Debug|Any CPU.Build.0 = Debug|Any CPU
		{F5BED43A-FB31-48E9-96A3-0DCDDA1C853A}.Release|Any CPU.ActiveCfg = Release|Any CPU
		{F5BED43A-FB31-48E9-96A3-0DCDDA1C853A}.Release|Any CPU.Build.0 = Release|Any CPU
		{00E1786C-F97E-4DFA-9EE5-B21320A1597E}.Debug|Any CPU.ActiveCfg = Debug|Any CPU
		{00E1786C-F97E-4DFA-9EE5-B21320A1597E}.Debug|Any CPU.Build.0 = Debug|Any CPU
		{00E1786C-F97E-4DFA-9EE5-B21320A1597E}.Release|Any CPU.ActiveCfg = Release|Any CPU
		{00E1786C-F97E-4DFA-9EE5-B21320A1597E}.Release|Any CPU.Build.0 = Release|Any CPU
		{CE0B662F-3468-4D39-AC14-5B2E872BFD57}.Debug|Any CPU.ActiveCfg = Debug|Any CPU
		{CE0B662F-3468-4D39-AC14-5B2E872BFD57}.Debug|Any CPU.Build.0 = Debug|Any CPU
		{CE0B662F-3468-4D39-AC14-5B2E872BFD57}.Release|Any CPU.ActiveCfg = Release|Any CPU
		{CE0B662F-3468-4D39-AC14-5B2E872BFD57}.Release|Any CPU.Build.0 = Release|Any CPU
		{E7377C2E-E0D1-4FEA-818E-9AF73EF7833C}.Debug|Any CPU.ActiveCfg = Debug|Any CPU
		{E7377C2E-E0D1-4FEA-818E-9AF73EF7833C}.Debug|Any CPU.Build.0 = Debug|Any CPU
		{E7377C2E-E0D1-4FEA-818E-9AF73EF7833C}.Release|Any CPU.ActiveCfg = Release|Any CPU
		{E7377C2E-E0D1-4FEA-818E-9AF73EF7833C}.Release|Any CPU.Build.0 = Release|Any CPU
		{FBA847F8-56DC-4ED2-909B-ACA70530424A}.Debug|Any CPU.ActiveCfg = Debug|Any CPU
		{FBA847F8-56DC-4ED2-909B-ACA70530424A}.Debug|Any CPU.Build.0 = Debug|Any CPU
		{FBA847F8-56DC-4ED2-909B-ACA70530424A}.Release|Any CPU.ActiveCfg = Release|Any CPU
		{FBA847F8-56DC-4ED2-909B-ACA70530424A}.Release|Any CPU.Build.0 = Release|Any CPU
		{21F08E1B-3395-493F-97B9-59D71F4BD478}.Debug|Any CPU.ActiveCfg = Debug|Any CPU
		{21F08E1B-3395-493F-97B9-59D71F4BD478}.Debug|Any CPU.Build.0 = Debug|Any CPU
		{21F08E1B-3395-493F-97B9-59D71F4BD478}.Release|Any CPU.ActiveCfg = Release|Any CPU
		{21F08E1B-3395-493F-97B9-59D71F4BD478}.Release|Any CPU.Build.0 = Release|Any CPU
	EndGlobalSection
	GlobalSection(SolutionProperties) = preSolution
		HideSolutionNode = FALSE
	EndGlobalSection
	GlobalSection(ExtensibilityGlobals) = postSolution
		SolutionGuid = {2547F912-EFB4-4732-BAC3-24281FB47AF2}
	EndGlobalSection
EndGlobal
